
Microsoft Visual Studio Solution File, Format Version 12.00
# Visual Studio Version 17
VisualStudioVersion = 17.13.35931.197 d17.13
MinimumVisualStudioVersion = 10.0.40219.1
Project("{FAE04EC0-301F-11D3-BF4B-00C04F79EFBC}") = "telegramBot", "telegramBot.csproj", "{1EAA7C70-8496-4046-A0FF-E54768989FEE}"
EndProject
Global
	GlobalSection(SolutionConfigurationPlatforms) = preSolution
		Debug|Any CPU = Debug|Any CPU
		Release|Any CPU = Release|Any CPU
	EndGlobalSection
	GlobalSection(ProjectConfigurationPlatforms) = postSolution
		{1EAA7C70-8496-4046-A0FF-E54768989FEE}.Debug|Any CPU.ActiveCfg = Debug|Any CPU
		{1EAA7C70-8496-4046-A0FF-E54768989FEE}.Debug|Any CPU.Build.0 = Debug|Any CPU
		{1EAA7C70-8496-4046-A0FF-E54768989FEE}.Release|Any CPU.ActiveCfg = Release|Any CPU
		{1EAA7C70-8496-4046-A0FF-E54768989FEE}.Release|Any CPU.Build.0 = Release|Any CPU
	EndGlobalSection
	GlobalSection(SolutionProperties) = preSolution
		HideSolutionNode = FALSE
	EndGlobalSection
	GlobalSection(ExtensibilityGlobals) = postSolution
		SolutionGuid = {59E88172-569D-4FFF-9557-AC3FCFD7545B}
	EndGlobalSection
EndGlobal
